
Microsoft Visual Studio Solution File, Format Version 12.00
# Visual Studio Version 17
VisualStudioVersion = 17.11.35327.3
MinimumVisualStudioVersion = 10.0.40219.1
Project("{9A19103F-16F7-4668-BE54-9A1E7A4F7556}") = "ItConsultations.WebApi", "ItConsultations\ItConsultations.WebApi.csproj", "{1E2C0E21-506F-4B89-92BE-7393181978E2}"
EndProject
Project("{FAE04EC0-301F-11D3-BF4B-00C04F79EFBC}") = "ItConsultations.DataAccess", "ItConsultations.DataAccess\ItConsultations.DataAccess.csproj", "{6E5D4FC6-1347-4B09-80B8-433BD5520DCD}"
EndProject
Project("{FAE04EC0-301F-11D3-BF4B-00C04F79EFBC}") = "ItConsultations.Tests", "ItConsultations.Tests\ItConsultations.Tests.csproj", "{D489BC9F-3EFC-42D5-AE92-632E371C846B}"
EndProject
Project("{FAE04EC0-301F-11D3-BF4B-00C04F79EFBC}") = "ItConsultations.Utilities", "ItConsultations.Utilities\ItConsultations.Utilities.csproj", "{4ABE6182-7655-4005-AF84-2CC2EAF25758}"
EndProject
Project("{FAE04EC0-301F-11D3-BF4B-00C04F79EFBC}") = "ItConsultations.Logger", "ItConsultations.Logger\ItConsultations.Logger.csproj", "{4B293CA7-86CC-44ED-AD4C-F12CEF6A3726}"
EndProject
Project("{FAE04EC0-301F-11D3-BF4B-00C04F79EFBC}") = "ItConsultations.Business", "ItConsultations.Business\ItConsultations.Business.csproj", "{2A6D1E55-9498-4977-9CE7-D5049FE0B19B}"
EndProject
Project("{FAE04EC0-301F-11D3-BF4B-00C04F79EFBC}") = "ItConsultations.Translation", "ItConsultations.Translation\ItConsultations.Translation.csproj", "{6FAEB9EA-8F7D-449F-ABE7-BC517248ED80}"
EndProject
Global
	GlobalSection(SolutionConfigurationPlatforms) = preSolution
		Debug|Any CPU = Debug|Any CPU
		Release|Any CPU = Release|Any CPU
	EndGlobalSection
	GlobalSection(ProjectConfigurationPlatforms) = postSolution
		{1E2C0E21-506F-4B89-92BE-7393181978E2}.Debug|Any CPU.ActiveCfg = Debug|Any CPU
		{1E2C0E21-506F-4B89-92BE-7393181978E2}.Debug|Any CPU.Build.0 = Debug|Any CPU
		{1E2C0E21-506F-4B89-92BE-7393181978E2}.Release|Any CPU.ActiveCfg = Release|Any CPU
		{1E2C0E21-506F-4B89-92BE-7393181978E2}.Release|Any CPU.Build.0 = Release|Any CPU
		{6E5D4FC6-1347-4B09-80B8-433BD5520DCD}.Debug|Any CPU.ActiveCfg = Debug|Any CPU
		{6E5D4FC6-1347-4B09-80B8-433BD5520DCD}.Debug|Any CPU.Build.0 = Debug|Any CPU
		{6E5D4FC6-1347-4B09-80B8-433BD5520DCD}.Release|Any CPU.ActiveCfg = Release|Any CPU
		{6E5D4FC6-1347-4B09-80B8-433BD5520DCD}.Release|Any CPU.Build.0 = Release|Any CPU
		{D489BC9F-3EFC-42D5-AE92-632E371C846B}.Debug|Any CPU.ActiveCfg = Debug|Any CPU
		{D489BC9F-3EFC-42D5-AE92-632E371C846B}.Debug|Any CPU.Build.0 = Debug|Any CPU
		{D489BC9F-3EFC-42D5-AE92-632E371C846B}.Release|Any CPU.ActiveCfg = Release|Any CPU
		{D489BC9F-3EFC-42D5-AE92-632E371C846B}.Release|Any CPU.Build.0 = Release|Any CPU
		{4ABE6182-7655-4005-AF84-2CC2EAF25758}.Debug|Any CPU.ActiveCfg = Debug|Any CPU
		{4ABE6182-7655-4005-AF84-2CC2EAF25758}.Debug|Any CPU.Build.0 = Debug|Any CPU
		{4ABE6182-7655-4005-AF84-2CC2EAF25758}.Release|Any CPU.ActiveCfg = Release|Any CPU
		{4ABE6182-7655-4005-AF84-2CC2EAF25758}.Release|Any CPU.Build.0 = Release|Any CPU
		{4B293CA7-86CC-44ED-AD4C-F12CEF6A3726}.Debug|Any CPU.ActiveCfg = Debug|Any CPU
		{4B293CA7-86CC-44ED-AD4C-F12CEF6A3726}.Debug|Any CPU.Build.0 = Debug|Any CPU
		{4B293CA7-86CC-44ED-AD4C-F12CEF6A3726}.Release|Any CPU.ActiveCfg = Release|Any CPU
		{4B293CA7-86CC-44ED-AD4C-F12CEF6A3726}.Release|Any CPU.Build.0 = Release|Any CPU
		{2A6D1E55-9498-4977-9CE7-D5049FE0B19B}.Debug|Any CPU.ActiveCfg = Debug|Any CPU
		{2A6D1E55-9498-4977-9CE7-D5049FE0B19B}.Debug|Any CPU.Build.0 = Debug|Any CPU
		{2A6D1E55-9498-4977-9CE7-D5049FE0B19B}.Release|Any CPU.ActiveCfg = Release|Any CPU
		{2A6D1E55-9498-4977-9CE7-D5049FE0B19B}.Release|Any CPU.Build.0 = Release|Any CPU
		{6FAEB9EA-8F7D-449F-ABE7-BC517248ED80}.Debug|Any CPU.ActiveCfg = Debug|Any CPU
		{6FAEB9EA-8F7D-449F-ABE7-BC517248ED80}.Debug|Any CPU.Build.0 = Debug|Any CPU
		{6FAEB9EA-8F7D-449F-ABE7-BC517248ED80}.Release|Any CPU.ActiveCfg = Release|Any CPU
		{6FAEB9EA-8F7D-449F-ABE7-BC517248ED80}.Release|Any CPU.Build.0 = Release|Any CPU
	EndGlobalSection
	GlobalSection(SolutionProperties) = preSolution
		HideSolutionNode = FALSE
	EndGlobalSection
	GlobalSection(ExtensibilityGlobals) = postSolution
		SolutionGuid = {B3A4FA94-8EBF-4B94-9C9A-980C5D4BB435}
	EndGlobalSection
EndGlobal
